
Microsoft Visual Studio Solution File, Format Version 12.00
# Visual Studio Version 17
VisualStudioVersion = 17.11.35208.52
MinimumVisualStudioVersion = 10.0.40219.1
Project("{FAE04EC0-301F-11D3-BF4B-00C04F79EFBC}") = "calculo de ventas", "calculo de ventas\calculo de ventas.csproj", "{E058FE66-DF2E-40A2-B47E-7DC334115CB1}"
EndProject
Global
	GlobalSection(SolutionConfigurationPlatforms) = preSolution
		Debug|Any CPU = Debug|Any CPU
		Release|Any CPU = Release|Any CPU
	EndGlobalSection
	GlobalSection(ProjectConfigurationPlatforms) = postSolution
		{E058FE66-DF2E-40A2-B47E-7DC334115CB1}.Debug|Any CPU.ActiveCfg = Debug|Any CPU
		{E058FE66-DF2E-40A2-B47E-7DC334115CB1}.Debug|Any CPU.Build.0 = Debug|Any CPU
		{E058FE66-DF2E-40A2-B47E-7DC334115CB1}.Release|Any CPU.ActiveCfg = Release|Any CPU
		{E058FE66-DF2E-40A2-B47E-7DC334115CB1}.Release|Any CPU.Build.0 = Release|Any CPU
	EndGlobalSection
	GlobalSection(SolutionProperties) = preSolution
		HideSolutionNode = FALSE
	EndGlobalSection
	GlobalSection(ExtensibilityGlobals) = postSolution
		SolutionGuid = {DCCE788C-0257-4E92-8A15-8C9EADB306E3}
	EndGlobalSection
EndGlobal
